{
  "name": "odin_calculator",
  "version": "1.0.0",
  "lockfileVersion": 2,
  "requires": true,
  "packages": {
    "": {
      "name": "odin_calculator",
      "version": "1.0.0",
      "dependencies": {
        "calculator.js": "^1.0.1",
        "validation.js": "^1.0.3"
      },
      "devDependencies": {}
    },
    "node_modules/calculator.js": {
      "version": "1.0.1",
      "resolved": "https://registry.npmjs.org/calculator.js/-/calculator.js-1.0.1.tgz",
      "integrity": "sha512-rRB2SY37yiQcb9OeJF/vNZ7p8xv3mzm9YRAoeRbvrj+6dfwX5EiCILnIil8tNjR3X4d8edid/p0fGi5ITmdZtg==",
      "dependencies": {
        "lodash": "^3.10.1"
      }
    },
    "node_modules/latches": {
      "version": "1.0.9",
      "resolved": "https://registry.npmjs.org/latches/-/latches-1.0.9.tgz",
      "integrity": "sha512-1nnIiDXLmddWH2I227GuUmblaUOlDa6/jN7VFyeJRTMtCONe1abrcKhQIy7pBCs0PWCFTS9bcxpdok6DOo1STA=="
    },
    "node_modules/lodash": {
      "version": "3.10.1",
      "resolved": "https://registry.npmjs.org/lodash/-/lodash-3.10.1.tgz",
      "integrity": "sha512-9mDDwqVIma6OZX79ZlDACZl8sBm0TEnkf99zV3iMA4GzkIT/9hiqP5mY0HoT1iNLCrKc/R1HByV+yJfRWVJryQ=="
    },
    "node_modules/validation.js": {
      "version": "1.0.3",
      "resolved": "https://registry.npmjs.org/validation.js/-/validation.js-1.0.3.tgz",
      "integrity": "sha512-25SNFMnXgocx+BZUcBUPHopBzrs5u8Pm1YxQqVxghi0GkyboQv4+19x+6dlaSwT/+dF6jvr2BQPD+T6ecr2NAQ==",
      "dependencies": {
        "latches": "^1.0.2"
      }
    }
  },
  "dependencies": {
    "calculator.js": {
      "version": "1.0.1",
      "resolved": "https://registry.npmjs.org/calculator.js/-/calculator.js-1.0.1.tgz",
      "integrity": "sha512-rRB2SY37yiQcb9OeJF/vNZ7p8xv3mzm9YRAoeRbvrj+6dfwX5EiCILnIil8tNjR3X4d8edid/p0fGi5ITmdZtg==",
      "requires": {
        "lodash": "^3.10.1"
      }
    },
    "latches": {
      "version": "1.0.9",
      "resolved": "https://registry.npmjs.org/latches/-/latches-1.0.9.tgz",
      "integrity": "sha512-1nnIiDXLmddWH2I227GuUmblaUOlDa6/jN7VFyeJRTMtCONe1abrcKhQIy7pBCs0PWCFTS9bcxpdok6DOo1STA=="
    },
    "lodash": {
      "version": "3.10.1",
      "resolved": "https://registry.npmjs.org/lodash/-/lodash-3.10.1.tgz",
      "integrity": "sha512-9mDDwqVIma6OZX79ZlDACZl8sBm0TEnkf99zV3iMA4GzkIT/9hiqP5mY0HoT1iNLCrKc/R1HByV+yJfRWVJryQ=="
    },
    "validation.js": {
      "version": "1.0.3",
      "resolved": "https://registry.npmjs.org/validation.js/-/validation.js-1.0.3.tgz",
      "integrity": "sha512-25SNFMnXgocx+BZUcBUPHopBzrs5u8Pm1YxQqVxghi0GkyboQv4+19x+6dlaSwT/+dF6jvr2BQPD+T6ecr2NAQ==",
      "requires": {
        "latches": "^1.0.2"
      }
    }
  }
}
